
Microsoft Visual Studio Solution File, Format Version 12.00
# Visual Studio Version 17
VisualStudioVersion = 17.8.34330.188
MinimumVisualStudioVersion = 10.0.40219.1
Project("{FAE04EC0-301F-11D3-BF4B-00C04F79EFBC}") = "ForumsUnknown", "ForumsUnknown.csproj", "{AAFB5D47-D38F-4C3A-816F-A923EBF0700D}"
EndProject
Global
	GlobalSection(SolutionConfigurationPlatforms) = preSolution
		Debug|Any CPU = Debug|Any CPU
		Release|Any CPU = Release|Any CPU
	EndGlobalSection
	GlobalSection(ProjectConfigurationPlatforms) = postSolution
		{AAFB5D47-D38F-4C3A-816F-A923EBF0700D}.Debug|Any CPU.ActiveCfg = Debug|Any CPU
		{AAFB5D47-D38F-4C3A-816F-A923EBF0700D}.Debug|Any CPU.Build.0 = Debug|Any CPU
		{AAFB5D47-D38F-4C3A-816F-A923EBF0700D}.Release|Any CPU.ActiveCfg = Release|Any CPU
		{AAFB5D47-D38F-4C3A-816F-A923EBF0700D}.Release|Any CPU.Build.0 = Release|Any CPU
	EndGlobalSection
	GlobalSection(SolutionProperties) = preSolution
		HideSolutionNode = FALSE
	EndGlobalSection
	GlobalSection(ExtensibilityGlobals) = postSolution
		SolutionGuid = {A9A33ED3-D96E-4751-AE99-666FC2C69229}
	EndGlobalSection
EndGlobal
